
Microsoft Visual Studio Solution File, Format Version 12.00
# Visual Studio Version 17
VisualStudioVersion = 17.14.36915.13
MinimumVisualStudioVersion = 10.0.40219.1
Project("{8BC9CEB8-8B4A-11D0-8D11-00A0C91BC942}") = "01-Print-Array", "01-Print-Array\01-Print-Array.vcxproj", "{55A8D745-3056-49F3-AC4C-A62922463FE5}"
EndProject
Project("{8BC9CEB8-8B4A-11D0-8D11-00A0C91BC942}") = "02-Fizzbuzz", "02-Fizzbuzz\02-Fizzbuzz.vcxproj", "{B40E4110-B2C8-4672-8D4D-AA89AF43E2C6}"
EndProject
Project("{8BC9CEB8-8B4A-11D0-8D11-00A0C91BC942}") = "03-Minimum-Element", "03-Minimum-Element\03-Minimum-Element.vcxproj", "{F48275B2-8A85-49F1-89BE-B99DBC8099C4}"
EndProject
Project("{8BC9CEB8-8B4A-11D0-8D11-00A0C91BC942}") = "04-Statistics", "04-Statistics\04-Statistics.vcxproj", "{D3C5972B-2DFC-4530-89D8-AC778C0D97ED}"
EndProject
Global
	GlobalSection(SolutionConfigurationPlatforms) = preSolution
		Debug|x64 = Debug|x64
		Debug|x86 = Debug|x86
		Release|x64 = Release|x64
		Release|x86 = Release|x86
	EndGlobalSection
	GlobalSection(ProjectConfigurationPlatforms) = postSolution
		{55A8D745-3056-49F3-AC4C-A62922463FE5}.Debug|x64.ActiveCfg = Debug|x64
		{55A8D745-3056-49F3-AC4C-A62922463FE5}.Debug|x64.Build.0 = Debug|x64
		{55A8D745-3056-49F3-AC4C-A62922463FE5}.Debug|x86.ActiveCfg = Debug|Win32
		{55A8D745-3056-49F3-AC4C-A62922463FE5}.Debug|x86.Build.0 = Debug|Win32
		{55A8D745-3056-49F3-AC4C-A62922463FE5}.Release|x64.ActiveCfg = Release|x64
		{55A8D745-3056-49F3-AC4C-A62922463FE5}.Release|x64.Build.0 = Release|x64
		{55A8D745-3056-49F3-AC4C-A62922463FE5}.Release|x86.ActiveCfg = Release|Win32
		{55A8D745-3056-49F3-AC4C-A62922463FE5}.Release|x86.Build.0 = Release|Win32
		{B40E4110-B2C8-4672-8D4D-AA89AF43E2C6}.Debug|x64.ActiveCfg = Debug|x64
		{B40E4110-B2C8-4672-8D4D-AA89AF43E2C6}.Debug|x64.Build.0 = Debug|x64
		{B40E4110-B2C8-4672-8D4D-AA89AF43E2C6}.Debug|x86.ActiveCfg = Debug|Win32
		{B40E4110-B2C8-4672-8D4D-AA89AF43E2C6}.Debug|x86.Build.0 = Debug|Win32
		{B40E4110-B2C8-4672-8D4D-AA89AF43E2C6}.Release|x64.ActiveCfg = Release|x64
		{B40E4110-B2C8-4672-8D4D-AA89AF43E2C6}.Release|x64.Build.0 = Release|x64
		{B40E4110-B2C8-4672-8D4D-AA89AF43E2C6}.Release|x86.ActiveCfg = Release|Win32
		{B40E4110-B2C8-4672-8D4D-AA89AF43E2C6}.Release|x86.Build.0 = Release|Win32
		{F48275B2-8A85-49F1-89BE-B99DBC8099C4}.Debug|x64.ActiveCfg = Debug|x64
		{F48275B2-8A85-49F1-89BE-B99DBC8099C4}.Debug|x64.Build.0 = Debug|x64
		{F48275B2-8A85-49F1-89BE-B99DBC8099C4}.Debug|x86.ActiveCfg = Debug|Win32
		{F48275B2-8A85-49F1-89BE-B99DBC8099C4}.Debug|x86.Build.0 = Debug|Win32
		{F48275B2-8A85-49F1-89BE-B99DBC8099C4}.Release|x64.ActiveCfg = Release|x64
		{F48275B2-8A85-49F1-89BE-B99DBC8099C4}.Release|x64.Build.0 = Release|x64
		{F48275B2-8A85-49F1-89BE-B99DBC8099C4}.Release|x86.ActiveCfg = Release|Win32
		{F48275B2-8A85-49F1-89BE-B99DBC8099C4}.Release|x86.Build.0 = Release|Win32
		{D3C5972B-2DFC-4530-89D8-AC778C0D97ED}.Debug|x64.ActiveCfg = Debug|x64
		{D3C5972B-2DFC-4530-89D8-AC778C0D97ED}.Debug|x64.Build.0 = Debug|x64
		{D3C5972B-2DFC-4530-89D8-AC778C0D97ED}.Debug|x86.ActiveCfg = Debug|Win32
		{D3C5972B-2DFC-4530-89D8-AC778C0D97ED}.Debug|x86.Build.0 = Debug|Win32
		{D3C5972B-2DFC-4530-89D8-AC778C0D97ED}.Release|x64.ActiveCfg = Release|x64
		{D3C5972B-2DFC-4530-89D8-AC778C0D97ED}.Release|x64.Build.0 = Release|x64
		{D3C5972B-2DFC-4530-89D8-AC778C0D97ED}.Release|x86.ActiveCfg = Release|Win32
		{D3C5972B-2DFC-4530-89D8-AC778C0D97ED}.Release|x86.Build.0 = Release|Win32
	EndGlobalSection
	GlobalSection(SolutionProperties) = preSolution
		HideSolutionNode = FALSE
	EndGlobalSection
	GlobalSection(ExtensibilityGlobals) = postSolution
		SolutionGuid = {0DA5B101-C7B5-4D79-B1B9-0ACBE79D87E5}
	EndGlobalSection
EndGlobal
